
Microsoft Visual Studio Solution File, Format Version 12.00
# Visual Studio Version 16
VisualStudioVersion = 16.0.31321.278
MinimumVisualStudioVersion = 10.0.40219.1
Project("{FAE04EC0-301F-11D3-BF4B-00C04F79EFBC}") = "CalculatorRPN", "CalculatorRPN\CalculatorRPN.csproj", "{DF36EC0C-51B9-4C2D-A587-2EE4978B89C1}"
EndProject
Project("{FAE04EC0-301F-11D3-BF4B-00C04F79EFBC}") = "CalculatorRPNTests", "CalculatorRPNTests\CalculatorRPNTests.csproj", "{65EDCCE3-66FD-42C0-97B3-D7B3C6B4F539}"
EndProject
Global
	GlobalSection(SolutionConfigurationPlatforms) = preSolution
		Debug|Any CPU = Debug|Any CPU
		Release|Any CPU = Release|Any CPU
	EndGlobalSection
	GlobalSection(ProjectConfigurationPlatforms) = postSolution
		{DF36EC0C-51B9-4C2D-A587-2EE4978B89C1}.Debug|Any CPU.ActiveCfg = Debug|Any CPU
		{DF36EC0C-51B9-4C2D-A587-2EE4978B89C1}.Debug|Any CPU.Build.0 = Debug|Any CPU
		{DF36EC0C-51B9-4C2D-A587-2EE4978B89C1}.Release|Any CPU.ActiveCfg = Release|Any CPU
		{DF36EC0C-51B9-4C2D-A587-2EE4978B89C1}.Release|Any CPU.Build.0 = Release|Any CPU
		{65EDCCE3-66FD-42C0-97B3-D7B3C6B4F539}.Debug|Any CPU.ActiveCfg = Debug|Any CPU
		{65EDCCE3-66FD-42C0-97B3-D7B3C6B4F539}.Debug|Any CPU.Build.0 = Debug|Any CPU
		{65EDCCE3-66FD-42C0-97B3-D7B3C6B4F539}.Release|Any CPU.ActiveCfg = Release|Any CPU
		{65EDCCE3-66FD-42C0-97B3-D7B3C6B4F539}.Release|Any CPU.Build.0 = Release|Any CPU
	EndGlobalSection
	GlobalSection(SolutionProperties) = preSolution
		HideSolutionNode = FALSE
	EndGlobalSection
	GlobalSection(ExtensibilityGlobals) = postSolution
		SolutionGuid = {A1975CF0-A006-4015-9968-46F17B4303D8}
	EndGlobalSection
EndGlobal
